Microsoft Visual Studio Solution File, Format Version 12.00
# Visual Studio Version 17
VisualStudioVersion = 17.5.2.0
MinimumVisualStudioVersion = 10.0.40219.1
Project("{2150E333-8FDC-42A3-9474-1A3956D46DE8}") = "server", "server", "{DAD03CFC-D5FA-AC94-41C7-9ABAB326F09E}"
EndProject
Project("{FAE04EC0-301F-11D3-BF4B-00C04F79EFBC}") = "TodoApi", "server\TodoApi\TodoApi.csproj", "{79685795-330A-DEBA-A52C-00BBE556A9DF}"
EndProject
Global
	GlobalSection(SolutionConfigurationPlatforms) = preSolution
		Debug|Any CPU = Debug|Any CPU
		Release|Any CPU = Release|Any CPU
	EndGlobalSection
	GlobalSection(ProjectConfigurationPlatforms) = postSolution
		{79685795-330A-DEBA-A52C-00BBE556A9DF}.Debug|Any CPU.ActiveCfg = Debug|Any CPU
		{79685795-330A-DEBA-A52C-00BBE556A9DF}.Debug|Any CPU.Build.0 = Debug|Any CPU
		{79685795-330A-DEBA-A52C-00BBE556A9DF}.Release|Any CPU.ActiveCfg = Release|Any CPU
		{79685795-330A-DEBA-A52C-00BBE556A9DF}.Release|Any CPU.Build.0 = Release|Any CPU
	EndGlobalSection
	GlobalSection(SolutionProperties) = preSolution
		HideSolutionNode = FALSE
	EndGlobalSection
	GlobalSection(NestedProjects) = preSolution
		{79685795-330A-DEBA-A52C-00BBE556A9DF} = {DAD03CFC-D5FA-AC94-41C7-9ABAB326F09E}
	EndGlobalSection
	GlobalSection(ExtensibilityGlobals) = postSolution
		SolutionGuid = {1D1452E3-E094-4179-AD1D-12DC8C8E1379}
	EndGlobalSection
EndGlobal
